
Microsoft Visual Studio Solution File, Format Version 12.00
# Visual Studio Version 16
VisualStudioVersion = 16.0.30320.27
MinimumVisualStudioVersion = 10.0.40219.1
Project("{2150E333-8FDC-42A3-9474-1A3956D46DE8}") = ".nuget", ".nuget", "{C10E72D2-2E05-42D7-9640-D9131F782CC4}"
	ProjectSection(SolutionItems) = preProject
		.nuget\NuGet.Config = .nuget\NuGet.Config
		.nuget\NuGet.exe = .nuget\NuGet.exe
		.nuget\NuGet.targets = .nuget\NuGet.targets
	EndProjectSection
EndProject
Project("{FAE04EC0-301F-11D3-BF4B-00C04F79EFBC}") = "Scratch", "Scratch\Scratch.csproj", "{F20B0711-29AA-4FCA-A566-E47EC6F6360D}"
EndProject
Project("{FAE04EC0-301F-11D3-BF4B-00C04F79EFBC}") = "Scratch.Web", "Scratch.Web\Scratch.Web.csproj", "{C0DC21A7-58B3-4CCD-BA99-8537D479C942}"
EndProject
Project("{9A19103F-16F7-4668-BE54-9A1E7A4F7556}") = "Scratch.Tests", "Scratch.Tests\Scratch.Tests.csproj", "{52B700B4-DEDE-4228-850D-BB1AE413D402}"
EndProject
Global
	GlobalSection(SolutionConfigurationPlatforms) = preSolution
		Debug|Any CPU = Debug|Any CPU
		Release|Any CPU = Release|Any CPU
	EndGlobalSection
	GlobalSection(ProjectConfigurationPlatforms) = postSolution
		{F20B0711-29AA-4FCA-A566-E47EC6F6360D}.Debug|Any CPU.ActiveCfg = Debug|Any CPU
		{F20B0711-29AA-4FCA-A566-E47EC6F6360D}.Debug|Any CPU.Build.0 = Debug|Any CPU
		{F20B0711-29AA-4FCA-A566-E47EC6F6360D}.Release|Any CPU.ActiveCfg = Release|Any CPU
		{F20B0711-29AA-4FCA-A566-E47EC6F6360D}.Release|Any CPU.Build.0 = Release|Any CPU
		{C0DC21A7-58B3-4CCD-BA99-8537D479C942}.Debug|Any CPU.ActiveCfg = Debug|Any CPU
		{C0DC21A7-58B3-4CCD-BA99-8537D479C942}.Debug|Any CPU.Build.0 = Debug|Any CPU
		{C0DC21A7-58B3-4CCD-BA99-8537D479C942}.Release|Any CPU.ActiveCfg = Release|Any CPU
		{C0DC21A7-58B3-4CCD-BA99-8537D479C942}.Release|Any CPU.Build.0 = Release|Any CPU
		{52B700B4-DEDE-4228-850D-BB1AE413D402}.Debug|Any CPU.ActiveCfg = Debug|Any CPU
		{52B700B4-DEDE-4228-850D-BB1AE413D402}.Debug|Any CPU.Build.0 = Debug|Any CPU
		{52B700B4-DEDE-4228-850D-BB1AE413D402}.Release|Any CPU.ActiveCfg = Release|Any CPU
		{52B700B4-DEDE-4228-850D-BB1AE413D402}.Release|Any CPU.Build.0 = Release|Any CPU
	EndGlobalSection
	GlobalSection(SolutionProperties) = preSolution
		HideSolutionNode = FALSE
	EndGlobalSection
	GlobalSection(ExtensibilityGlobals) = postSolution
		SolutionGuid = {A3A25B56-49EF-40AC-B1EA-7F26837ADF3A}
	EndGlobalSection
EndGlobal
