
Microsoft Visual Studio Solution File, Format Version 11.00
# Visual Studio 2010
Project("{2150E333-8FDC-42A3-9474-1A3956D46DE8}") = ".nuget", ".nuget", "{C10E72D2-2E05-42D7-9640-D9131F782CC4}"
	ProjectSection(SolutionItems) = preProject
		.nuget\NuGet.Config = .nuget\NuGet.Config
		.nuget\NuGet.exe = .nuget\NuGet.exe
		.nuget\NuGet.targets = .nuget\NuGet.targets
	EndProjectSection
EndProject
Project("{FAE04EC0-301F-11D3-BF4B-00C04F79EFBC}") = "Scratch", "Scratch\Scratch.csproj", "{F20B0711-29AA-4FCA-A566-E47EC6F6360D}"
EndProject
Project("{FAE04EC0-301F-11D3-BF4B-00C04F79EFBC}") = "Scratch.Tests", "Scratch.Tests\Scratch.Tests.csproj", "{69C5AB6B-82F6-49C0-81CC-5354C9E95C37}"
EndProject
Global
	GlobalSection(SolutionConfigurationPlatforms) = preSolution
		Debug|Any CPU = Debug|Any CPU
		Release|Any CPU = Release|Any CPU
	EndGlobalSection
	GlobalSection(ProjectConfigurationPlatforms) = postSolution
		{F20B0711-29AA-4FCA-A566-E47EC6F6360D}.Debug|Any CPU.ActiveCfg = Debug|Any CPU
		{F20B0711-29AA-4FCA-A566-E47EC6F6360D}.Debug|Any CPU.Build.0 = Debug|Any CPU
		{F20B0711-29AA-4FCA-A566-E47EC6F6360D}.Release|Any CPU.ActiveCfg = Release|Any CPU
		{F20B0711-29AA-4FCA-A566-E47EC6F6360D}.Release|Any CPU.Build.0 = Release|Any CPU
		{69C5AB6B-82F6-49C0-81CC-5354C9E95C37}.Debug|Any CPU.ActiveCfg = Debug|Any CPU
		{69C5AB6B-82F6-49C0-81CC-5354C9E95C37}.Debug|Any CPU.Build.0 = Debug|Any CPU
		{69C5AB6B-82F6-49C0-81CC-5354C9E95C37}.Release|Any CPU.ActiveCfg = Release|Any CPU
		{69C5AB6B-82F6-49C0-81CC-5354C9E95C37}.Release|Any CPU.Build.0 = Release|Any CPU
	EndGlobalSection
	GlobalSection(SolutionProperties) = preSolution
		HideSolutionNode = FALSE
	EndGlobalSection
EndGlobal
